
Microsoft Visual Studio Solution File, Format Version 12.00
# Visual Studio Version 17
VisualStudioVersion = 17.11.35327.3
MinimumVisualStudioVersion = 10.0.40219.1
Project("{9A19103F-16F7-4668-BE54-9A1E7A4F7556}") = "Server", "Server\Server.csproj", "{DC65C159-E358-4A22-8BB1-186465CC5C51}"
EndProject
Project("{9A19103F-16F7-4668-BE54-9A1E7A4F7556}") = "ServerCore", "ServerCore\ServerCore.csproj", "{900766E6-CFDB-4358-A6D7-B02A22D74CD1}"
EndProject
Project("{9A19103F-16F7-4668-BE54-9A1E7A4F7556}") = "DummyClient", "DummyClient\DummyClient.csproj", "{9F0A2DF1-FA3F-4DC2-AD8F-0DB0DBD8CD42}"
EndProject
Project("{FAE04EC0-301F-11D3-BF4B-00C04F79EFBC}") = "PacketGenerator", "PacketGenerator\PacketGenerator.csproj", "{BB48FCDE-3C55-49B1-A59A-F2D7492F3B69}"
EndProject
Project("{2150E333-8FDC-42A3-9474-1A3956D46DE8}") = "Tools", "Tools", "{8ED74718-0A09-46A2-AF96-074807CCB14A}"
EndProject
Global
	GlobalSection(SolutionConfigurationPlatforms) = preSolution
		Debug|Any CPU = Debug|Any CPU
		Release|Any CPU = Release|Any CPU
	EndGlobalSection
	GlobalSection(ProjectConfigurationPlatforms) = postSolution
		{DC65C159-E358-4A22-8BB1-186465CC5C51}.Debug|Any CPU.ActiveCfg = Debug|Any CPU
		{DC65C159-E358-4A22-8BB1-186465CC5C51}.Debug|Any CPU.Build.0 = Debug|Any CPU
		{DC65C159-E358-4A22-8BB1-186465CC5C51}.Release|Any CPU.ActiveCfg = Release|Any CPU
		{DC65C159-E358-4A22-8BB1-186465CC5C51}.Release|Any CPU.Build.0 = Release|Any CPU
		{900766E6-CFDB-4358-A6D7-B02A22D74CD1}.Debug|Any CPU.ActiveCfg = Debug|Any CPU
		{900766E6-CFDB-4358-A6D7-B02A22D74CD1}.Debug|Any CPU.Build.0 = Debug|Any CPU
		{900766E6-CFDB-4358-A6D7-B02A22D74CD1}.Release|Any CPU.ActiveCfg = Release|Any CPU
		{900766E6-CFDB-4358-A6D7-B02A22D74CD1}.Release|Any CPU.Build.0 = Release|Any CPU
		{9F0A2DF1-FA3F-4DC2-AD8F-0DB0DBD8CD42}.Debug|Any CPU.ActiveCfg = Debug|Any CPU
		{9F0A2DF1-FA3F-4DC2-AD8F-0DB0DBD8CD42}.Debug|Any CPU.Build.0 = Debug|Any CPU
		{9F0A2DF1-FA3F-4DC2-AD8F-0DB0DBD8CD42}.Release|Any CPU.ActiveCfg = Release|Any CPU
		{9F0A2DF1-FA3F-4DC2-AD8F-0DB0DBD8CD42}.Release|Any CPU.Build.0 = Release|Any CPU
		{BB48FCDE-3C55-49B1-A59A-F2D7492F3B69}.Debug|Any CPU.ActiveCfg = Debug|Any CPU
		{BB48FCDE-3C55-49B1-A59A-F2D7492F3B69}.Debug|Any CPU.Build.0 = Debug|Any CPU
		{BB48FCDE-3C55-49B1-A59A-F2D7492F3B69}.Release|Any CPU.ActiveCfg = Release|Any CPU
		{BB48FCDE-3C55-49B1-A59A-F2D7492F3B69}.Release|Any CPU.Build.0 = Release|Any CPU
	EndGlobalSection
	GlobalSection(SolutionProperties) = preSolution
		HideSolutionNode = FALSE
	EndGlobalSection
	GlobalSection(NestedProjects) = preSolution
		{BB48FCDE-3C55-49B1-A59A-F2D7492F3B69} = {8ED74718-0A09-46A2-AF96-074807CCB14A}
	EndGlobalSection
	GlobalSection(ExtensibilityGlobals) = postSolution
		SolutionGuid = {AD15119E-DCB3-4A90-AEEF-C454DEB3E369}
	EndGlobalSection
EndGlobal
